<?xml version="1.0" encoding="utf-8"?>
<Project ToolsVersion="4.0" xmlns="http://schemas.microsoft.com/developer/msbuild/2003">
  <ItemGroup>
    <FxCompile Include="pixel_shader.hlsl">
      <Filter>shaders</Filter>
    </FxCompile>
    <FxCompile Include="cubemap_pixel_shader.hlsl">
      <Filter>shaders</Filter>
    </FxCompile>
    <FxCompile Include="cubemap_vertex_shader.hlsl">
      <Filter>shaders</Filter>
    </FxCompile>
    <FxCompile Include="vertex_shader.hlsl">
      <Filter>shaders</Filter>
    </FxCompile>
    <FxCompile Include="TransPS.hlsl">
      <Filter>shaders</Filter>
    </FxCompile>
    <FxCompile Include="TransVS.hlsl">
      <Filter>shaders</Filter>
    </FxCompile>
    <FxCompile Include="postprocVS.hlsl">
      <Filter>shaders</Filter>
    </FxCompile>
    <FxCompile Include="postProcPS.hlsl">
      <Filter>shaders</Filter>
    </FxCompile>
  </ItemGroup>
  <ItemGroup>
    <ClCompile Include="directxtk\DDSTextureLoader.cpp" />
    <ClCompile Include="main.cpp" />
    <ClCompile Include="Renderer.cpp" />
    <ClCompile Include="Sky.cpp" />
    <ClCompile Include="Transparent.cpp" />
    <ClCompile Include="Camera.cpp">
      <Filter>camera</Filter>
    </ClCompile>
    <ClCompile Include="Input.cpp">
      <Filter>input</Filter>
    </ClCompile>
    <ClCompile Include="Lights.cpp">
      <Filter>lights</Filter>
    </ClCompile>
    <ClCompile Include="utils.cpp">
      <Filter>utils</Filter>
    </ClCompile>
    <ClCompile Include="D3DInclude.cpp" />
    <ClCompile Include="Frustum.cpp">
      <Filter>frustrum</Filter>
    </ClCompile>
    <ClCompile Include="PostProc.cpp">
      <Filter>postproc</Filter>
    </ClCompile>
  </ItemGroup>
  <ItemGroup>
    <ClInclude Include="directxtk\DDSTextureLoader.h" />
    <ClInclude Include="Renderer.h" />
    <ClInclude Include="resource.h" />
    <ClInclude Include="Sky.h" />
    <ClInclude Include="Transparent.h" />
    <ClInclude Include="Camera.h">
      <Filter>camera</Filter>
    </ClInclude>
    <ClInclude Include="Input.h">
      <Filter>input</Filter>
    </ClInclude>
    <ClInclude Include="Lights.h">
      <Filter>lights</Filter>
    </ClInclude>
    <ClInclude Include="utils.h">
      <Filter>utils</Filter>
    </ClInclude>
    <ClInclude Include="D3DInclude.h" />
    <ClInclude Include="Frustum.h">
      <Filter>frustrum</Filter>
    </ClInclude>
    <ClInclude Include="PostProc.h">
      <Filter>postproc</Filter>
    </ClInclude>
  </ItemGroup>
  <ItemGroup>
    <Filter Include="shaders">
      <UniqueIdentifier>{b9683566-8f69-416a-8b1e-0ef6db3e4dd5}</UniqueIdentifier>
    </Filter>
    <Filter Include="lights">
      <UniqueIdentifier>{cd17ff84-fec5-4d27-9f48-a565ae7a6e01}</UniqueIdentifier>
    </Filter>
    <Filter Include="input">
      <UniqueIdentifier>{9d18f38c-9c97-417a-9022-809d94b86058}</UniqueIdentifier>
    </Filter>
    <Filter Include="camera">
      <UniqueIdentifier>{5f55d9bd-2033-4f9c-ac53-54f00e26a68c}</UniqueIdentifier>
    </Filter>
    <Filter Include="resources">
      <UniqueIdentifier>{6ebc3e59-93b4-46b3-b7ca-1b06ebf699ec}</UniqueIdentifier>
    </Filter>
    <Filter Include="utils">
      <UniqueIdentifier>{8bd0601e-98a0-428e-bb5a-2ea319207b40}</UniqueIdentifier>
    </Filter>
    <Filter Include="frustrum">
      <UniqueIdentifier>{332c6538-216e-4d1f-b314-9e8683621a76}</UniqueIdentifier>
    </Filter>
    <Filter Include="postproc">
      <UniqueIdentifier>{1ebe6be9-03e3-4282-82df-68beb94416e6}</UniqueIdentifier>
    </Filter>
  </ItemGroup>
  <ItemGroup>
    <None Include="calc_color.hlsli">
      <Filter>shaders</Filter>
    </None>
    <None Include="scene_buffer.hlsli">
      <Filter>shaders</Filter>
    </None>
  </ItemGroup>
  <ItemGroup>
    <ResourceCompile Include="lab.rc">
      <Filter>resources</Filter>
    </ResourceCompile>
  </ItemGroup>
</Project>